
Microsoft Visual Studio Solution File, Format Version 12.00
# Visual Studio Version 17
VisualStudioVersion = 17.11.35222.181
MinimumVisualStudioVersion = 10.0.40219.1
Project("{8BC9CEB8-8B4A-11D0-8D11-00A0C91BC942}") = "Q1260", "Q1260\Q1260.vcxproj", "{34B04A47-A8C8-4C32-9C17-0BEAEDFE8E4C}"
EndProject
Project("{8BC9CEB8-8B4A-11D0-8D11-00A0C91BC942}") = "Q1260_1", "Q1260_1\Q1260_1.vcxproj", "{E85FB496-8468-4BB2-AA9F-4DAFF384E06A}"
EndProject
Global
	GlobalSection(SolutionConfigurationPlatforms) = preSolution
		Debug|x64 = Debug|x64
		Debug|x86 = Debug|x86
		Release|x64 = Release|x64
		Release|x86 = Release|x86
	EndGlobalSection
	GlobalSection(ProjectConfigurationPlatforms) = postSolution
		{34B04A47-A8C8-4C32-9C17-0BEAEDFE8E4C}.Debug|x64.ActiveCfg = Debug|x64
		{34B04A47-A8C8-4C32-9C17-0BEAEDFE8E4C}.Debug|x64.Build.0 = Debug|x64
		{34B04A47-A8C8-4C32-9C17-0BEAEDFE8E4C}.Debug|x86.ActiveCfg = Debug|Win32
		{34B04A47-A8C8-4C32-9C17-0BEAEDFE8E4C}.Debug|x86.Build.0 = Debug|Win32
		{34B04A47-A8C8-4C32-9C17-0BEAEDFE8E4C}.Release|x64.ActiveCfg = Release|x64
		{34B04A47-A8C8-4C32-9C17-0BEAEDFE8E4C}.Release|x64.Build.0 = Release|x64
		{34B04A47-A8C8-4C32-9C17-0BEAEDFE8E4C}.Release|x86.ActiveCfg = Release|Win32
		{34B04A47-A8C8-4C32-9C17-0BEAEDFE8E4C}.Release|x86.Build.0 = Release|Win32
		{E85FB496-8468-4BB2-AA9F-4DAFF384E06A}.Debug|x64.ActiveCfg = Debug|x64
		{E85FB496-8468-4BB2-AA9F-4DAFF384E06A}.Debug|x64.Build.0 = Debug|x64
		{E85FB496-8468-4BB2-AA9F-4DAFF384E06A}.Debug|x86.ActiveCfg = Debug|Win32
		{E85FB496-8468-4BB2-AA9F-4DAFF384E06A}.Debug|x86.Build.0 = Debug|Win32
		{E85FB496-8468-4BB2-AA9F-4DAFF384E06A}.Release|x64.ActiveCfg = Release|x64
		{E85FB496-8468-4BB2-AA9F-4DAFF384E06A}.Release|x64.Build.0 = Release|x64
		{E85FB496-8468-4BB2-AA9F-4DAFF384E06A}.Release|x86.ActiveCfg = Release|Win32
		{E85FB496-8468-4BB2-AA9F-4DAFF384E06A}.Release|x86.Build.0 = Release|Win32
	EndGlobalSection
	GlobalSection(SolutionProperties) = preSolution
		HideSolutionNode = FALSE
	EndGlobalSection
	GlobalSection(ExtensibilityGlobals) = postSolution
		SolutionGuid = {C6B22F2D-5655-4A21-804F-E9E71C6A6B0F}
	EndGlobalSection
EndGlobal
