
Microsoft Visual Studio Solution File, Format Version 12.00
# Visual Studio Version 16
VisualStudioVersion = 16.0.30517.126
MinimumVisualStudioVersion = 10.0.40219.1
Project("{8BC9CEB8-8B4A-11D0-8D11-00A0C91BC942}") = "Project2", "Project2\Project2.vcxproj", "{71D09B52-E304-46A6-9F7E-23B9F55181A4}"
EndProject
Project("{8BC9CEB8-8B4A-11D0-8D11-00A0C91BC942}") = "Project1", "Project1\Project1.vcxproj", "{451E6CBF-63D9-454E-9668-0E410047A79B}"
EndProject
Project("{8BC9CEB8-8B4A-11D0-8D11-00A0C91BC942}") = "Project3", "Project3\Project3.vcxproj", "{7DEBAD57-1991-4406-8EBC-B0534DEC8BF3}"
EndProject
Project("{8BC9CEB8-8B4A-11D0-8D11-00A0C91BC942}") = "Project4", "Project4\Project4.vcxproj", "{FC9EFDE7-83D5-4289-9081-35FEA91C87DB}"
EndProject
Project("{8BC9CEB8-8B4A-11D0-8D11-00A0C91BC942}") = "Project5", "Project5\Project5.vcxproj", "{C4448414-CD6F-47A6-8430-8C7BA0F79B0B}"
EndProject
Project("{8BC9CEB8-8B4A-11D0-8D11-00A0C91BC942}") = "Project6", "Project6\Project6.vcxproj", "{E2917885-C81A-4327-9053-47BCFBE0774A}"
EndProject
Project("{8BC9CEB8-8B4A-11D0-8D11-00A0C91BC942}") = "Project7", "Project7\Project7.vcxproj", "{1AF4DF1C-4CE5-466B-A9DD-90AFDD8A5205}"
EndProject
Project("{8BC9CEB8-8B4A-11D0-8D11-00A0C91BC942}") = "Project8", "Project8\Project8.vcxproj", "{746F5A28-F9DF-46F7-80D6-A91D3D40D60C}"
EndProject
Project("{8BC9CEB8-8B4A-11D0-8D11-00A0C91BC942}") = "Project9", "Project9\Project9.vcxproj", "{D1F31979-1C39-4D6D-9AF1-B7C7D2B0ACC8}"
EndProject
Project("{8BC9CEB8-8B4A-11D0-8D11-00A0C91BC942}") = "Project10", "Project10\Project10.vcxproj", "{76544111-8D88-4535-84F0-4CFD5F6481B3}"
EndProject
Project("{8BC9CEB8-8B4A-11D0-8D11-00A0C91BC942}") = "Project11", "Project11\Project11.vcxproj", "{AC791A64-75A1-4D23-8F57-ECDD4291A1FC}"
EndProject
Project("{8BC9CEB8-8B4A-11D0-8D11-00A0C91BC942}") = "Project12", "Project12\Project12.vcxproj", "{52DDBB6E-2765-4745-B759-FCB2969F2A1C}"
EndProject
Project("{8BC9CEB8-8B4A-11D0-8D11-00A0C91BC942}") = "Project13", "Project13\Project13.vcxproj", "{F13D9692-14DE-4F76-AD28-EC33E7DE45D6}"
EndProject
Project("{8BC9CEB8-8B4A-11D0-8D11-00A0C91BC942}") = "Project14", "Project14\Project14.vcxproj", "{659F2B59-DCBC-4786-A701-21060738DE5E}"
EndProject
Project("{8BC9CEB8-8B4A-11D0-8D11-00A0C91BC942}") = "Project15", "Project15\Project15.vcxproj", "{D47ADB41-A99B-4F72-91C0-35DD97AD3164}"
EndProject
Global
	GlobalSection(SolutionConfigurationPlatforms) = preSolution
		Debug|x64 = Debug|x64
		Debug|x86 = Debug|x86
		Release|x64 = Release|x64
		Release|x86 = Release|x86
	EndGlobalSection
	GlobalSection(ProjectConfigurationPlatforms) = postSolution
		{71D09B52-E304-46A6-9F7E-23B9F55181A4}.Debug|x64.ActiveCfg = Debug|x64
		{71D09B52-E304-46A6-9F7E-23B9F55181A4}.Debug|x64.Build.0 = Debug|x64
		{71D09B52-E304-46A6-9F7E-23B9F55181A4}.Debug|x86.ActiveCfg = Debug|Win32
		{71D09B52-E304-46A6-9F7E-23B9F55181A4}.Debug|x86.Build.0 = Debug|Win32
		{71D09B52-E304-46A6-9F7E-23B9F55181A4}.Release|x64.ActiveCfg = Release|x64
		{71D09B52-E304-46A6-9F7E-23B9F55181A4}.Release|x64.Build.0 = Release|x64
		{71D09B52-E304-46A6-9F7E-23B9F55181A4}.Release|x86.ActiveCfg = Release|Win32
		{71D09B52-E304-46A6-9F7E-23B9F55181A4}.Release|x86.Build.0 = Release|Win32
		{451E6CBF-63D9-454E-9668-0E410047A79B}.Debug|x64.ActiveCfg = Debug|x64
		{451E6CBF-63D9-454E-9668-0E410047A79B}.Debug|x64.Build.0 = Debug|x64
		{451E6CBF-63D9-454E-9668-0E410047A79B}.Debug|x86.ActiveCfg = Debug|Win32
		{451E6CBF-63D9-454E-9668-0E410047A79B}.Debug|x86.Build.0 = Debug|Win32
		{451E6CBF-63D9-454E-9668-0E410047A79B}.Release|x64.ActiveCfg = Release|x64
		{451E6CBF-63D9-454E-9668-0E410047A79B}.Release|x64.Build.0 = Release|x64
		{451E6CBF-63D9-454E-9668-0E410047A79B}.Release|x86.ActiveCfg = Release|Win32
		{451E6CBF-63D9-454E-9668-0E410047A79B}.Release|x86.Build.0 = Release|Win32
		{7DEBAD57-1991-4406-8EBC-B0534DEC8BF3}.Debug|x64.ActiveCfg = Debug|x64
		{7DEBAD57-1991-4406-8EBC-B0534DEC8BF3}.Debug|x64.Build.0 = Debug|x64
		{7DEBAD57-1991-4406-8EBC-B0534DEC8BF3}.Debug|x86.ActiveCfg = Debug|Win32
		{7DEBAD57-1991-4406-8EBC-B0534DEC8BF3}.Debug|x86.Build.0 = Debug|Win32
		{7DEBAD57-1991-4406-8EBC-B0534DEC8BF3}.Release|x64.ActiveCfg = Release|x64
		{7DEBAD57-1991-4406-8EBC-B0534DEC8BF3}.Release|x64.Build.0 = Release|x64
		{7DEBAD57-1991-4406-8EBC-B0534DEC8BF3}.Release|x86.ActiveCfg = Release|Win32
		{7DEBAD57-1991-4406-8EBC-B0534DEC8BF3}.Release|x86.Build.0 = Release|Win32
		{FC9EFDE7-83D5-4289-9081-35FEA91C87DB}.Debug|x64.ActiveCfg = Debug|x64
		{FC9EFDE7-83D5-4289-9081-35FEA91C87DB}.Debug|x64.Build.0 = Debug|x64
		{FC9EFDE7-83D5-4289-9081-35FEA91C87DB}.Debug|x86.ActiveCfg = Debug|Win32
		{FC9EFDE7-83D5-4289-9081-35FEA91C87DB}.Debug|x86.Build.0 = Debug|Win32
		{FC9EFDE7-83D5-4289-9081-35FEA91C87DB}.Release|x64.ActiveCfg = Release|x64
		{FC9EFDE7-83D5-4289-9081-35FEA91C87DB}.Release|x64.Build.0 = Release|x64
		{FC9EFDE7-83D5-4289-9081-35FEA91C87DB}.Release|x86.ActiveCfg = Release|Win32
		{FC9EFDE7-83D5-4289-9081-35FEA91C87DB}.Release|x86.Build.0 = Release|Win32
		{C4448414-CD6F-47A6-8430-8C7BA0F79B0B}.Debug|x64.ActiveCfg = Debug|x64
		{C4448414-CD6F-47A6-8430-8C7BA0F79B0B}.Debug|x64.Build.0 = Debug|x64
		{C4448414-CD6F-47A6-8430-8C7BA0F79B0B}.Debug|x86.ActiveCfg = Debug|Win32
		{C4448414-CD6F-47A6-8430-8C7BA0F79B0B}.Debug|x86.Build.0 = Debug|Win32
		{C4448414-CD6F-47A6-8430-8C7BA0F79B0B}.Release|x64.ActiveCfg = Release|x64
		{C4448414-CD6F-47A6-8430-8C7BA0F79B0B}.Release|x64.Build.0 = Release|x64
		{C4448414-CD6F-47A6-8430-8C7BA0F79B0B}.Release|x86.ActiveCfg = Release|Win32
		{C4448414-CD6F-47A6-8430-8C7BA0F79B0B}.Release|x86.Build.0 = Release|Win32
		{E2917885-C81A-4327-9053-47BCFBE0774A}.Debug|x64.ActiveCfg = Debug|x64
		{E2917885-C81A-4327-9053-47BCFBE0774A}.Debug|x64.Build.0 = Debug|x64
		{E2917885-C81A-4327-9053-47BCFBE0774A}.Debug|x86.ActiveCfg = Debug|Win32
		{E2917885-C81A-4327-9053-47BCFBE0774A}.Debug|x86.Build.0 = Debug|Win32
		{E2917885-C81A-4327-9053-47BCFBE0774A}.Release|x64.ActiveCfg = Release|x64
		{E2917885-C81A-4327-9053-47BCFBE0774A}.Release|x64.Build.0 = Release|x64
		{E2917885-C81A-4327-9053-47BCFBE0774A}.Release|x86.ActiveCfg = Release|Win32
		{E2917885-C81A-4327-9053-47BCFBE0774A}.Release|x86.Build.0 = Release|Win32
		{1AF4DF1C-4CE5-466B-A9DD-90AFDD8A5205}.Debug|x64.ActiveCfg = Debug|x64
		{1AF4DF1C-4CE5-466B-A9DD-90AFDD8A5205}.Debug|x64.Build.0 = Debug|x64
		{1AF4DF1C-4CE5-466B-A9DD-90AFDD8A5205}.Debug|x86.ActiveCfg = Debug|Win32
		{1AF4DF1C-4CE5-466B-A9DD-90AFDD8A5205}.Debug|x86.Build.0 = Debug|Win32
		{1AF4DF1C-4CE5-466B-A9DD-90AFDD8A5205}.Release|x64.ActiveCfg = Release|x64
		{1AF4DF1C-4CE5-466B-A9DD-90AFDD8A5205}.Release|x64.Build.0 = Release|x64
		{1AF4DF1C-4CE5-466B-A9DD-90AFDD8A5205}.Release|x86.ActiveCfg = Release|Win32
		{1AF4DF1C-4CE5-466B-A9DD-90AFDD8A5205}.Release|x86.Build.0 = Release|Win32
		{746F5A28-F9DF-46F7-80D6-A91D3D40D60C}.Debug|x64.ActiveCfg = Debug|x64
		{746F5A28-F9DF-46F7-80D6-A91D3D40D60C}.Debug|x64.Build.0 = Debug|x64
		{746F5A28-F9DF-46F7-80D6-A91D3D40D60C}.Debug|x86.ActiveCfg = Debug|Win32
		{746F5A28-F9DF-46F7-80D6-A91D3D40D60C}.Debug|x86.Build.0 = Debug|Win32
		{746F5A28-F9DF-46F7-80D6-A91D3D40D60C}.Release|x64.ActiveCfg = Release|x64
		{746F5A28-F9DF-46F7-80D6-A91D3D40D60C}.Release|x64.Build.0 = Release|x64
		{746F5A28-F9DF-46F7-80D6-A91D3D40D60C}.Release|x86.ActiveCfg = Release|Win32
		{746F5A28-F9DF-46F7-80D6-A91D3D40D60C}.Release|x86.Build.0 = Release|Win32
		{D1F31979-1C39-4D6D-9AF1-B7C7D2B0ACC8}.Debug|x64.ActiveCfg = Debug|x64
		{D1F31979-1C39-4D6D-9AF1-B7C7D2B0ACC8}.Debug|x64.Build.0 = Debug|x64
		{D1F31979-1C39-4D6D-9AF1-B7C7D2B0ACC8}.Debug|x86.ActiveCfg = Debug|Win32
		{D1F31979-1C39-4D6D-9AF1-B7C7D2B0ACC8}.Debug|x86.Build.0 = Debug|Win32
		{D1F31979-1C39-4D6D-9AF1-B7C7D2B0ACC8}.Release|x64.ActiveCfg = Release|x64
		{D1F31979-1C39-4D6D-9AF1-B7C7D2B0ACC8}.Release|x64.Build.0 = Release|x64
		{D1F31979-1C39-4D6D-9AF1-B7C7D2B0ACC8}.Release|x86.ActiveCfg = Release|Win32
		{D1F31979-1C39-4D6D-9AF1-B7C7D2B0ACC8}.Release|x86.Build.0 = Release|Win32
		{76544111-8D88-4535-84F0-4CFD5F6481B3}.Debug|x64.ActiveCfg = Debug|x64
		{76544111-8D88-4535-84F0-4CFD5F6481B3}.Debug|x64.Build.0 = Debug|x64
		{76544111-8D88-4535-84F0-4CFD5F6481B3}.Debug|x86.ActiveCfg = Debug|Win32
		{76544111-8D88-4535-84F0-4CFD5F6481B3}.Debug|x86.Build.0 = Debug|Win32
		{76544111-8D88-4535-84F0-4CFD5F6481B3}.Release|x64.ActiveCfg = Release|x64
		{76544111-8D88-4535-84F0-4CFD5F6481B3}.Release|x64.Build.0 = Release|x64
		{76544111-8D88-4535-84F0-4CFD5F6481B3}.Release|x86.ActiveCfg = Release|Win32
		{76544111-8D88-4535-84F0-4CFD5F6481B3}.Release|x86.Build.0 = Release|Win32
		{AC791A64-75A1-4D23-8F57-ECDD4291A1FC}.Debug|x64.ActiveCfg = Debug|x64
		{AC791A64-75A1-4D23-8F57-ECDD4291A1FC}.Debug|x64.Build.0 = Debug|x64
		{AC791A64-75A1-4D23-8F57-ECDD4291A1FC}.Debug|x86.ActiveCfg = Debug|Win32
		{AC791A64-75A1-4D23-8F57-ECDD4291A1FC}.Debug|x86.Build.0 = Debug|Win32
		{AC791A64-75A1-4D23-8F57-ECDD4291A1FC}.Release|x64.ActiveCfg = Release|x64
		{AC791A64-75A1-4D23-8F57-ECDD4291A1FC}.Release|x64.Build.0 = Release|x64
		{AC791A64-75A1-4D23-8F57-ECDD4291A1FC}.Release|x86.ActiveCfg = Release|Win32
		{AC791A64-75A1-4D23-8F57-ECDD4291A1FC}.Release|x86.Build.0 = Release|Win32
		{52DDBB6E-2765-4745-B759-FCB2969F2A1C}.Debug|x64.ActiveCfg = Debug|x64
		{52DDBB6E-2765-4745-B759-FCB2969F2A1C}.Debug|x64.Build.0 = Debug|x64
		{52DDBB6E-2765-4745-B759-FCB2969F2A1C}.Debug|x86.ActiveCfg = Debug|Win32
		{52DDBB6E-2765-4745-B759-FCB2969F2A1C}.Debug|x86.Build.0 = Debug|Win32
		{52DDBB6E-2765-4745-B759-FCB2969F2A1C}.Release|x64.ActiveCfg = Release|x64
		{52DDBB6E-2765-4745-B759-FCB2969F2A1C}.Release|x64.Build.0 = Release|x64
		{52DDBB6E-2765-4745-B759-FCB2969F2A1C}.Release|x86.ActiveCfg = Release|Win32
		{52DDBB6E-2765-4745-B759-FCB2969F2A1C}.Release|x86.Build.0 = Release|Win32
		{F13D9692-14DE-4F76-AD28-EC33E7DE45D6}.Debug|x64.ActiveCfg = Debug|x64
		{F13D9692-14DE-4F76-AD28-EC33E7DE45D6}.Debug|x64.Build.0 = Debug|x64
		{F13D9692-14DE-4F76-AD28-EC33E7DE45D6}.Debug|x86.ActiveCfg = Debug|Win32
		{F13D9692-14DE-4F76-AD28-EC33E7DE45D6}.Debug|x86.Build.0 = Debug|Win32
		{F13D9692-14DE-4F76-AD28-EC33E7DE45D6}.Release|x64.ActiveCfg = Release|x64
		{F13D9692-14DE-4F76-AD28-EC33E7DE45D6}.Release|x64.Build.0 = Release|x64
		{F13D9692-14DE-4F76-AD28-EC33E7DE45D6}.Release|x86.ActiveCfg = Release|Win32
		{F13D9692-14DE-4F76-AD28-EC33E7DE45D6}.Release|x86.Build.0 = Release|Win32
		{659F2B59-DCBC-4786-A701-21060738DE5E}.Debug|x64.ActiveCfg = Debug|x64
		{659F2B59-DCBC-4786-A701-21060738DE5E}.Debug|x64.Build.0 = Debug|x64
		{659F2B59-DCBC-4786-A701-21060738DE5E}.Debug|x86.ActiveCfg = Debug|Win32
		{659F2B59-DCBC-4786-A701-21060738DE5E}.Debug|x86.Build.0 = Debug|Win32
		{659F2B59-DCBC-4786-A701-21060738DE5E}.Release|x64.ActiveCfg = Release|x64
		{659F2B59-DCBC-4786-A701-21060738DE5E}.Release|x64.Build.0 = Release|x64
		{659F2B59-DCBC-4786-A701-21060738DE5E}.Release|x86.ActiveCfg = Release|Win32
		{659F2B59-DCBC-4786-A701-21060738DE5E}.Release|x86.Build.0 = Release|Win32
		{D47ADB41-A99B-4F72-91C0-35DD97AD3164}.Debug|x64.ActiveCfg = Debug|x64
		{D47ADB41-A99B-4F72-91C0-35DD97AD3164}.Debug|x64.Build.0 = Debug|x64
		{D47ADB41-A99B-4F72-91C0-35DD97AD3164}.Debug|x86.ActiveCfg = Debug|Win32
		{D47ADB41-A99B-4F72-91C0-35DD97AD3164}.Debug|x86.Build.0 = Debug|Win32
		{D47ADB41-A99B-4F72-91C0-35DD97AD3164}.Release|x64.ActiveCfg = Release|x64
		{D47ADB41-A99B-4F72-91C0-35DD97AD3164}.Release|x64.Build.0 = Release|x64
		{D47ADB41-A99B-4F72-91C0-35DD97AD3164}.Release|x86.ActiveCfg = Release|Win32
		{D47ADB41-A99B-4F72-91C0-35DD97AD3164}.Release|x86.Build.0 = Release|Win32
	EndGlobalSection
	GlobalSection(SolutionProperties) = preSolution
		HideSolutionNode = FALSE
	EndGlobalSection
	GlobalSection(ExtensibilityGlobals) = postSolution
		SolutionGuid = {62BBD45F-10A7-454D-B8EE-53EBFEFAB297}
	EndGlobalSection
EndGlobal
