
Microsoft Visual Studio Solution File, Format Version 12.00
# Visual Studio Version 17
VisualStudioVersion = 17.13.35825.156 d17.13
MinimumVisualStudioVersion = 10.0.40219.1
Project("{FAE04EC0-301F-11D3-BF4B-00C04F79EFBC}") = "OperatorException", "OperatorException.csproj", "{CEC36B06-9647-4F56-A969-A0139C054547}"
EndProject
Global
	GlobalSection(SolutionConfigurationPlatforms) = preSolution
		Debug|Any CPU = Debug|Any CPU
		Release|Any CPU = Release|Any CPU
	EndGlobalSection
	GlobalSection(ProjectConfigurationPlatforms) = postSolution
		{CEC36B06-9647-4F56-A969-A0139C054547}.Debug|Any CPU.ActiveCfg = Debug|Any CPU
		{CEC36B06-9647-4F56-A969-A0139C054547}.Debug|Any CPU.Build.0 = Debug|Any CPU
		{CEC36B06-9647-4F56-A969-A0139C054547}.Release|Any CPU.ActiveCfg = Release|Any CPU
		{CEC36B06-9647-4F56-A969-A0139C054547}.Release|Any CPU.Build.0 = Release|Any CPU
	EndGlobalSection
	GlobalSection(SolutionProperties) = preSolution
		HideSolutionNode = FALSE
	EndGlobalSection
	GlobalSection(ExtensibilityGlobals) = postSolution
		SolutionGuid = {CD95294A-02F0-4B01-A8FD-3240656366A9}
	EndGlobalSection
EndGlobal
