
Microsoft Visual Studio Solution File, Format Version 12.00
# Visual Studio Version 16
VisualStudioVersion = 16.0.30517.126
MinimumVisualStudioVersion = 10.0.40219.1
Project("{8BC9CEB8-8B4A-11D0-8D11-00A0C91BC942}") = "210106_1", "210106_1\210106_1.vcxproj", "{2F1ACB98-1071-4413-A97D-29AF5373A919}"
EndProject
Global
	GlobalSection(SolutionConfigurationPlatforms) = preSolution
		Debug|x64 = Debug|x64
		Debug|x86 = Debug|x86
		Release|x64 = Release|x64
		Release|x86 = Release|x86
	EndGlobalSection
	GlobalSection(ProjectConfigurationPlatforms) = postSolution
		{2F1ACB98-1071-4413-A97D-29AF5373A919}.Debug|x64.ActiveCfg = Debug|x64
		{2F1ACB98-1071-4413-A97D-29AF5373A919}.Debug|x64.Build.0 = Debug|x64
		{2F1ACB98-1071-4413-A97D-29AF5373A919}.Debug|x86.ActiveCfg = Debug|Win32
		{2F1ACB98-1071-4413-A97D-29AF5373A919}.Debug|x86.Build.0 = Debug|Win32
		{2F1ACB98-1071-4413-A97D-29AF5373A919}.Release|x64.ActiveCfg = Release|x64
		{2F1ACB98-1071-4413-A97D-29AF5373A919}.Release|x64.Build.0 = Release|x64
		{2F1ACB98-1071-4413-A97D-29AF5373A919}.Release|x86.ActiveCfg = Release|Win32
		{2F1ACB98-1071-4413-A97D-29AF5373A919}.Release|x86.Build.0 = Release|Win32
	EndGlobalSection
	GlobalSection(SolutionProperties) = preSolution
		HideSolutionNode = FALSE
	EndGlobalSection
	GlobalSection(ExtensibilityGlobals) = postSolution
		SolutionGuid = {1F00EAEC-CCF1-4CDC-AFA3-B22DB7873D2F}
	EndGlobalSection
EndGlobal
