
Microsoft Visual Studio Solution File, Format Version 12.00
# Visual Studio Version 17
VisualStudioVersion = 17.11.35222.181
MinimumVisualStudioVersion = 10.0.40219.1
Project("{8BC9CEB8-8B4A-11D0-8D11-00A0C91BC942}") = "Q2557", "Q2557\Q2557.vcxproj", "{BB622903-CDD3-401A-AF04-12FEE1BB3676}"
EndProject
Global
	GlobalSection(SolutionConfigurationPlatforms) = preSolution
		Debug|x64 = Debug|x64
		Debug|x86 = Debug|x86
		Release|x64 = Release|x64
		Release|x86 = Release|x86
	EndGlobalSection
	GlobalSection(ProjectConfigurationPlatforms) = postSolution
		{BB622903-CDD3-401A-AF04-12FEE1BB3676}.Debug|x64.ActiveCfg = Debug|x64
		{BB622903-CDD3-401A-AF04-12FEE1BB3676}.Debug|x64.Build.0 = Debug|x64
		{BB622903-CDD3-401A-AF04-12FEE1BB3676}.Debug|x86.ActiveCfg = Debug|Win32
		{BB622903-CDD3-401A-AF04-12FEE1BB3676}.Debug|x86.Build.0 = Debug|Win32
		{BB622903-CDD3-401A-AF04-12FEE1BB3676}.Release|x64.ActiveCfg = Release|x64
		{BB622903-CDD3-401A-AF04-12FEE1BB3676}.Release|x64.Build.0 = Release|x64
		{BB622903-CDD3-401A-AF04-12FEE1BB3676}.Release|x86.ActiveCfg = Release|Win32
		{BB622903-CDD3-401A-AF04-12FEE1BB3676}.Release|x86.Build.0 = Release|Win32
	EndGlobalSection
	GlobalSection(SolutionProperties) = preSolution
		HideSolutionNode = FALSE
	EndGlobalSection
	GlobalSection(ExtensibilityGlobals) = postSolution
		SolutionGuid = {E9FBF7F8-BAB2-4174-86E9-1849E29C65B0}
	EndGlobalSection
EndGlobal
