
Microsoft Visual Studio Solution File, Format Version 12.00
# Visual Studio Version 17
VisualStudioVersion = 17.11.35222.181
MinimumVisualStudioVersion = 10.0.40219.1
Project("{8BC9CEB8-8B4A-11D0-8D11-00A0C91BC942}") = "Q11650", "Q11650\Q11650.vcxproj", "{E6B6083D-D76F-4478-85C6-5D18003FBFD9}"
EndProject
Global
	GlobalSection(SolutionConfigurationPlatforms) = preSolution
		Debug|x64 = Debug|x64
		Debug|x86 = Debug|x86
		Release|x64 = Release|x64
		Release|x86 = Release|x86
	EndGlobalSection
	GlobalSection(ProjectConfigurationPlatforms) = postSolution
		{E6B6083D-D76F-4478-85C6-5D18003FBFD9}.Debug|x64.ActiveCfg = Debug|x64
		{E6B6083D-D76F-4478-85C6-5D18003FBFD9}.Debug|x64.Build.0 = Debug|x64
		{E6B6083D-D76F-4478-85C6-5D18003FBFD9}.Debug|x86.ActiveCfg = Debug|Win32
		{E6B6083D-D76F-4478-85C6-5D18003FBFD9}.Debug|x86.Build.0 = Debug|Win32
		{E6B6083D-D76F-4478-85C6-5D18003FBFD9}.Release|x64.ActiveCfg = Release|x64
		{E6B6083D-D76F-4478-85C6-5D18003FBFD9}.Release|x64.Build.0 = Release|x64
		{E6B6083D-D76F-4478-85C6-5D18003FBFD9}.Release|x86.ActiveCfg = Release|Win32
		{E6B6083D-D76F-4478-85C6-5D18003FBFD9}.Release|x86.Build.0 = Release|Win32
	EndGlobalSection
	GlobalSection(SolutionProperties) = preSolution
		HideSolutionNode = FALSE
	EndGlobalSection
	GlobalSection(ExtensibilityGlobals) = postSolution
		SolutionGuid = {9B1B039A-D03C-4A42-A859-A7969DCE3790}
	EndGlobalSection
EndGlobal
