
Microsoft Visual Studio Solution File, Format Version 12.00
# Visual Studio Version 17
VisualStudioVersion = 17.13.35818.85 d17.13
MinimumVisualStudioVersion = 10.0.40219.1
Project("{8BC9CEB8-8B4A-11D0-8D11-00A0C91BC942}") = "세 개의 구분자", "세 개의 구분자.vcxproj", "{90614809-59A1-4FE7-B738-1C2DCB1EA941}"
EndProject
Global
	GlobalSection(SolutionConfigurationPlatforms) = preSolution
		Debug|x64 = Debug|x64
		Debug|x86 = Debug|x86
		Release|x64 = Release|x64
		Release|x86 = Release|x86
	EndGlobalSection
	GlobalSection(ProjectConfigurationPlatforms) = postSolution
		{90614809-59A1-4FE7-B738-1C2DCB1EA941}.Debug|x64.ActiveCfg = Debug|x64
		{90614809-59A1-4FE7-B738-1C2DCB1EA941}.Debug|x64.Build.0 = Debug|x64
		{90614809-59A1-4FE7-B738-1C2DCB1EA941}.Debug|x86.ActiveCfg = Debug|Win32
		{90614809-59A1-4FE7-B738-1C2DCB1EA941}.Debug|x86.Build.0 = Debug|Win32
		{90614809-59A1-4FE7-B738-1C2DCB1EA941}.Release|x64.ActiveCfg = Release|x64
		{90614809-59A1-4FE7-B738-1C2DCB1EA941}.Release|x64.Build.0 = Release|x64
		{90614809-59A1-4FE7-B738-1C2DCB1EA941}.Release|x86.ActiveCfg = Release|Win32
		{90614809-59A1-4FE7-B738-1C2DCB1EA941}.Release|x86.Build.0 = Release|Win32
	EndGlobalSection
	GlobalSection(SolutionProperties) = preSolution
		HideSolutionNode = FALSE
	EndGlobalSection
	GlobalSection(ExtensibilityGlobals) = postSolution
		SolutionGuid = {686AF542-F2BD-47D7-B7A7-882AC676BA5F}
	EndGlobalSection
EndGlobal
