
Microsoft Visual Studio Solution File, Format Version 12.00
# Visual Studio Version 17
VisualStudioVersion = 17.0.31903.59
MinimumVisualStudioVersion = 10.0.40219.1
Project("{FAE04EC0-301F-11D3-BF4B-00C04F79EFBC}") = "Cs_Base", "Cs_Base\Cs_Base.csproj", "{751269C9-FC9E-4522-97E1-ECE9FE865B77}"
EndProject
Project("{2150E333-8FDC-42A3-9474-1A3956D46DE8}") = "Elementary_Arithmetic", "Elementary_Arithmetic", "{10880ED7-0E0A-4910-88E5-70501FC1C922}"
EndProject
Project("{FAE04EC0-301F-11D3-BF4B-00C04F79EFBC}") = "Calculator", "Elementary_Arithmetic\Calculator\Calculator.csproj", "{235588B3-DC00-4F57-BC6B-A13E5A5553D1}"
EndProject
Global
	GlobalSection(SolutionConfigurationPlatforms) = preSolution
		Debug|Any CPU = Debug|Any CPU
		Release|Any CPU = Release|Any CPU
	EndGlobalSection
	GlobalSection(ProjectConfigurationPlatforms) = postSolution
		{751269C9-FC9E-4522-97E1-ECE9FE865B77}.Debug|Any CPU.ActiveCfg = Debug|Any CPU
		{751269C9-FC9E-4522-97E1-ECE9FE865B77}.Debug|Any CPU.Build.0 = Debug|Any CPU
		{751269C9-FC9E-4522-97E1-ECE9FE865B77}.Release|Any CPU.ActiveCfg = Release|Any CPU
		{751269C9-FC9E-4522-97E1-ECE9FE865B77}.Release|Any CPU.Build.0 = Release|Any CPU
		{235588B3-DC00-4F57-BC6B-A13E5A5553D1}.Debug|Any CPU.ActiveCfg = Debug|Any CPU
		{235588B3-DC00-4F57-BC6B-A13E5A5553D1}.Debug|Any CPU.Build.0 = Debug|Any CPU
		{235588B3-DC00-4F57-BC6B-A13E5A5553D1}.Release|Any CPU.ActiveCfg = Release|Any CPU
		{235588B3-DC00-4F57-BC6B-A13E5A5553D1}.Release|Any CPU.Build.0 = Release|Any CPU
	EndGlobalSection
	GlobalSection(SolutionProperties) = preSolution
		HideSolutionNode = FALSE
	EndGlobalSection
	GlobalSection(NestedProjects) = preSolution
		{235588B3-DC00-4F57-BC6B-A13E5A5553D1} = {10880ED7-0E0A-4910-88E5-70501FC1C922}
	EndGlobalSection
EndGlobal
