
Microsoft Visual Studio Solution File, Format Version 12.00
# Visual Studio Version 17
VisualStudioVersion = 17.8.34330.188
MinimumVisualStudioVersion = 10.0.40219.1
Project("{8BC9CEB8-8B4A-11D0-8D11-00A0C91BC942}") = "TopologySort_1", "Project1.vcxproj", "{83BBB7E0-CCC5-43A1-9E42-C7F2D842CAB9}"
EndProject
Project("{8BC9CEB8-8B4A-11D0-8D11-00A0C91BC942}") = "Floyd_Warshall", "..\Floyd_Warshall\Floyd_Warshall.vcxproj", "{8668EFA0-44AD-46C0-A60D-1D8758B8C786}"
EndProject
Project("{8BC9CEB8-8B4A-11D0-8D11-00A0C91BC942}") = "Dijkstra", "..\Dijkstra\Dijkstra.vcxproj", "{D28A59C3-3C9A-4992-B6F6-01413BA0BE8F}"
EndProject
Project("{8BC9CEB8-8B4A-11D0-8D11-00A0C91BC942}") = "Floyd_Warshall2", "..\Floyd_Warshall2\Floyd_Warshall2.vcxproj", "{4D98D787-0DED-4CA6-A2CE-2003D2D0E613}"
EndProject
Project("{8BC9CEB8-8B4A-11D0-8D11-00A0C91BC942}") = "Q-1655", "..\Q-1655\Q-1655.vcxproj", "{F6138FCE-D536-4E7E-AA8E-F8CA4C3D78C4}"
EndProject
Project("{8BC9CEB8-8B4A-11D0-8D11-00A0C91BC942}") = "Q-1916", "..\Q-1916\Q-1916.vcxproj", "{A57E67E5-07DF-4316-A3F4-B991CA339441}"
EndProject
Project("{8BC9CEB8-8B4A-11D0-8D11-00A0C91BC942}") = "Q-21940", "..\Q-21940\Q-21940.vcxproj", "{DD610E6B-E334-455C-8D51-5CFAC5920893}"
EndProject
Project("{8BC9CEB8-8B4A-11D0-8D11-00A0C91BC942}") = "Q-3197", "..\Q-3197\Q-3197.vcxproj", "{A996D494-C7D7-4D33-8F15-F4C471778D0F}"
EndProject
Project("{8BC9CEB8-8B4A-11D0-8D11-00A0C91BC942}") = "BFS_1", "..\BFS_1\BFS_1.vcxproj", "{2F0D8289-E0F6-435C-B3F1-F7815F97931F}"
EndProject
Project("{8BC9CEB8-8B4A-11D0-8D11-00A0C91BC942}") = "Q-10026", "..\Q-10026\Q-10026.vcxproj", "{3C73DB5E-6789-42B7-9698-0B77A8C942A7}"
EndProject
Project("{8BC9CEB8-8B4A-11D0-8D11-00A0C91BC942}") = "Temp", "..\Project2\Project2.vcxproj", "{D38E6460-F410-4972-A659-B92345BE879C}"
EndProject
Project("{8BC9CEB8-8B4A-11D0-8D11-00A0C91BC942}") = "!-1150", "..\!-1150\!-1150.vcxproj", "{E9AB3CE8-00C4-4D87-BE7F-CD5211190540}"
EndProject
Project("{8BC9CEB8-8B4A-11D0-8D11-00A0C91BC942}") = "Q4485", "..\Q4485\Q4485.vcxproj", "{92C595CB-733D-4621-83D4-7B21339C3CAB}"
EndProject
Global
	GlobalSection(SolutionConfigurationPlatforms) = preSolution
		Debug|x64 = Debug|x64
		Debug|x86 = Debug|x86
		Release|x64 = Release|x64
		Release|x86 = Release|x86
	EndGlobalSection
	GlobalSection(ProjectConfigurationPlatforms) = postSolution
		{83BBB7E0-CCC5-43A1-9E42-C7F2D842CAB9}.Debug|x64.ActiveCfg = Debug|x64
		{83BBB7E0-CCC5-43A1-9E42-C7F2D842CAB9}.Debug|x64.Build.0 = Debug|x64
		{83BBB7E0-CCC5-43A1-9E42-C7F2D842CAB9}.Debug|x86.ActiveCfg = Debug|Win32
		{83BBB7E0-CCC5-43A1-9E42-C7F2D842CAB9}.Debug|x86.Build.0 = Debug|Win32
		{83BBB7E0-CCC5-43A1-9E42-C7F2D842CAB9}.Release|x64.ActiveCfg = Release|x64
		{83BBB7E0-CCC5-43A1-9E42-C7F2D842CAB9}.Release|x64.Build.0 = Release|x64
		{83BBB7E0-CCC5-43A1-9E42-C7F2D842CAB9}.Release|x86.ActiveCfg = Release|Win32
		{83BBB7E0-CCC5-43A1-9E42-C7F2D842CAB9}.Release|x86.Build.0 = Release|Win32
		{8668EFA0-44AD-46C0-A60D-1D8758B8C786}.Debug|x64.ActiveCfg = Debug|x64
		{8668EFA0-44AD-46C0-A60D-1D8758B8C786}.Debug|x64.Build.0 = Debug|x64
		{8668EFA0-44AD-46C0-A60D-1D8758B8C786}.Debug|x86.ActiveCfg = Debug|Win32
		{8668EFA0-44AD-46C0-A60D-1D8758B8C786}.Debug|x86.Build.0 = Debug|Win32
		{8668EFA0-44AD-46C0-A60D-1D8758B8C786}.Release|x64.ActiveCfg = Release|x64
		{8668EFA0-44AD-46C0-A60D-1D8758B8C786}.Release|x64.Build.0 = Release|x64
		{8668EFA0-44AD-46C0-A60D-1D8758B8C786}.Release|x86.ActiveCfg = Release|Win32
		{8668EFA0-44AD-46C0-A60D-1D8758B8C786}.Release|x86.Build.0 = Release|Win32
		{D28A59C3-3C9A-4992-B6F6-01413BA0BE8F}.Debug|x64.ActiveCfg = Debug|x64
		{D28A59C3-3C9A-4992-B6F6-01413BA0BE8F}.Debug|x64.Build.0 = Debug|x64
		{D28A59C3-3C9A-4992-B6F6-01413BA0BE8F}.Debug|x86.ActiveCfg = Debug|Win32
		{D28A59C3-3C9A-4992-B6F6-01413BA0BE8F}.Debug|x86.Build.0 = Debug|Win32
		{D28A59C3-3C9A-4992-B6F6-01413BA0BE8F}.Release|x64.ActiveCfg = Release|x64
		{D28A59C3-3C9A-4992-B6F6-01413BA0BE8F}.Release|x64.Build.0 = Release|x64
		{D28A59C3-3C9A-4992-B6F6-01413BA0BE8F}.Release|x86.ActiveCfg = Release|Win32
		{D28A59C3-3C9A-4992-B6F6-01413BA0BE8F}.Release|x86.Build.0 = Release|Win32
		{4D98D787-0DED-4CA6-A2CE-2003D2D0E613}.Debug|x64.ActiveCfg = Debug|x64
		{4D98D787-0DED-4CA6-A2CE-2003D2D0E613}.Debug|x64.Build.0 = Debug|x64
		{4D98D787-0DED-4CA6-A2CE-2003D2D0E613}.Debug|x86.ActiveCfg = Debug|Win32
		{4D98D787-0DED-4CA6-A2CE-2003D2D0E613}.Debug|x86.Build.0 = Debug|Win32
		{4D98D787-0DED-4CA6-A2CE-2003D2D0E613}.Release|x64.ActiveCfg = Release|x64
		{4D98D787-0DED-4CA6-A2CE-2003D2D0E613}.Release|x64.Build.0 = Release|x64
		{4D98D787-0DED-4CA6-A2CE-2003D2D0E613}.Release|x86.ActiveCfg = Release|Win32
		{4D98D787-0DED-4CA6-A2CE-2003D2D0E613}.Release|x86.Build.0 = Release|Win32
		{F6138FCE-D536-4E7E-AA8E-F8CA4C3D78C4}.Debug|x64.ActiveCfg = Debug|x64
		{F6138FCE-D536-4E7E-AA8E-F8CA4C3D78C4}.Debug|x64.Build.0 = Debug|x64
		{F6138FCE-D536-4E7E-AA8E-F8CA4C3D78C4}.Debug|x86.ActiveCfg = Debug|Win32
		{F6138FCE-D536-4E7E-AA8E-F8CA4C3D78C4}.Debug|x86.Build.0 = Debug|Win32
		{F6138FCE-D536-4E7E-AA8E-F8CA4C3D78C4}.Release|x64.ActiveCfg = Release|x64
		{F6138FCE-D536-4E7E-AA8E-F8CA4C3D78C4}.Release|x64.Build.0 = Release|x64
		{F6138FCE-D536-4E7E-AA8E-F8CA4C3D78C4}.Release|x86.ActiveCfg = Release|Win32
		{F6138FCE-D536-4E7E-AA8E-F8CA4C3D78C4}.Release|x86.Build.0 = Release|Win32
		{A57E67E5-07DF-4316-A3F4-B991CA339441}.Debug|x64.ActiveCfg = Debug|x64
		{A57E67E5-07DF-4316-A3F4-B991CA339441}.Debug|x64.Build.0 = Debug|x64
		{A57E67E5-07DF-4316-A3F4-B991CA339441}.Debug|x86.ActiveCfg = Debug|Win32
		{A57E67E5-07DF-4316-A3F4-B991CA339441}.Debug|x86.Build.0 = Debug|Win32
		{A57E67E5-07DF-4316-A3F4-B991CA339441}.Release|x64.ActiveCfg = Release|x64
		{A57E67E5-07DF-4316-A3F4-B991CA339441}.Release|x64.Build.0 = Release|x64
		{A57E67E5-07DF-4316-A3F4-B991CA339441}.Release|x86.ActiveCfg = Release|Win32
		{A57E67E5-07DF-4316-A3F4-B991CA339441}.Release|x86.Build.0 = Release|Win32
		{DD610E6B-E334-455C-8D51-5CFAC5920893}.Debug|x64.ActiveCfg = Debug|x64
		{DD610E6B-E334-455C-8D51-5CFAC5920893}.Debug|x64.Build.0 = Debug|x64
		{DD610E6B-E334-455C-8D51-5CFAC5920893}.Debug|x86.ActiveCfg = Debug|Win32
		{DD610E6B-E334-455C-8D51-5CFAC5920893}.Debug|x86.Build.0 = Debug|Win32
		{DD610E6B-E334-455C-8D51-5CFAC5920893}.Release|x64.ActiveCfg = Release|x64
		{DD610E6B-E334-455C-8D51-5CFAC5920893}.Release|x64.Build.0 = Release|x64
		{DD610E6B-E334-455C-8D51-5CFAC5920893}.Release|x86.ActiveCfg = Release|Win32
		{DD610E6B-E334-455C-8D51-5CFAC5920893}.Release|x86.Build.0 = Release|Win32
		{A996D494-C7D7-4D33-8F15-F4C471778D0F}.Debug|x64.ActiveCfg = Debug|x64
		{A996D494-C7D7-4D33-8F15-F4C471778D0F}.Debug|x64.Build.0 = Debug|x64
		{A996D494-C7D7-4D33-8F15-F4C471778D0F}.Debug|x86.ActiveCfg = Debug|Win32
		{A996D494-C7D7-4D33-8F15-F4C471778D0F}.Debug|x86.Build.0 = Debug|Win32
		{A996D494-C7D7-4D33-8F15-F4C471778D0F}.Release|x64.ActiveCfg = Release|x64
		{A996D494-C7D7-4D33-8F15-F4C471778D0F}.Release|x64.Build.0 = Release|x64
		{A996D494-C7D7-4D33-8F15-F4C471778D0F}.Release|x86.ActiveCfg = Release|Win32
		{A996D494-C7D7-4D33-8F15-F4C471778D0F}.Release|x86.Build.0 = Release|Win32
		{2F0D8289-E0F6-435C-B3F1-F7815F97931F}.Debug|x64.ActiveCfg = Debug|x64
		{2F0D8289-E0F6-435C-B3F1-F7815F97931F}.Debug|x64.Build.0 = Debug|x64
		{2F0D8289-E0F6-435C-B3F1-F7815F97931F}.Debug|x86.ActiveCfg = Debug|Win32
		{2F0D8289-E0F6-435C-B3F1-F7815F97931F}.Debug|x86.Build.0 = Debug|Win32
		{2F0D8289-E0F6-435C-B3F1-F7815F97931F}.Release|x64.ActiveCfg = Release|x64
		{2F0D8289-E0F6-435C-B3F1-F7815F97931F}.Release|x64.Build.0 = Release|x64
		{2F0D8289-E0F6-435C-B3F1-F7815F97931F}.Release|x86.ActiveCfg = Release|Win32
		{2F0D8289-E0F6-435C-B3F1-F7815F97931F}.Release|x86.Build.0 = Release|Win32
		{3C73DB5E-6789-42B7-9698-0B77A8C942A7}.Debug|x64.ActiveCfg = Debug|x64
		{3C73DB5E-6789-42B7-9698-0B77A8C942A7}.Debug|x64.Build.0 = Debug|x64
		{3C73DB5E-6789-42B7-9698-0B77A8C942A7}.Debug|x86.ActiveCfg = Debug|Win32
		{3C73DB5E-6789-42B7-9698-0B77A8C942A7}.Debug|x86.Build.0 = Debug|Win32
		{3C73DB5E-6789-42B7-9698-0B77A8C942A7}.Release|x64.ActiveCfg = Release|x64
		{3C73DB5E-6789-42B7-9698-0B77A8C942A7}.Release|x64.Build.0 = Release|x64
		{3C73DB5E-6789-42B7-9698-0B77A8C942A7}.Release|x86.ActiveCfg = Release|Win32
		{3C73DB5E-6789-42B7-9698-0B77A8C942A7}.Release|x86.Build.0 = Release|Win32
		{D38E6460-F410-4972-A659-B92345BE879C}.Debug|x64.ActiveCfg = Debug|x64
		{D38E6460-F410-4972-A659-B92345BE879C}.Debug|x64.Build.0 = Debug|x64
		{D38E6460-F410-4972-A659-B92345BE879C}.Debug|x86.ActiveCfg = Debug|Win32
		{D38E6460-F410-4972-A659-B92345BE879C}.Debug|x86.Build.0 = Debug|Win32
		{D38E6460-F410-4972-A659-B92345BE879C}.Release|x64.ActiveCfg = Release|x64
		{D38E6460-F410-4972-A659-B92345BE879C}.Release|x64.Build.0 = Release|x64
		{D38E6460-F410-4972-A659-B92345BE879C}.Release|x86.ActiveCfg = Release|Win32
		{D38E6460-F410-4972-A659-B92345BE879C}.Release|x86.Build.0 = Release|Win32
		{E9AB3CE8-00C4-4D87-BE7F-CD5211190540}.Debug|x64.ActiveCfg = Debug|x64
		{E9AB3CE8-00C4-4D87-BE7F-CD5211190540}.Debug|x64.Build.0 = Debug|x64
		{E9AB3CE8-00C4-4D87-BE7F-CD5211190540}.Debug|x86.ActiveCfg = Debug|Win32
		{E9AB3CE8-00C4-4D87-BE7F-CD5211190540}.Debug|x86.Build.0 = Debug|Win32
		{E9AB3CE8-00C4-4D87-BE7F-CD5211190540}.Release|x64.ActiveCfg = Release|x64
		{E9AB3CE8-00C4-4D87-BE7F-CD5211190540}.Release|x64.Build.0 = Release|x64
		{E9AB3CE8-00C4-4D87-BE7F-CD5211190540}.Release|x86.ActiveCfg = Release|Win32
		{E9AB3CE8-00C4-4D87-BE7F-CD5211190540}.Release|x86.Build.0 = Release|Win32
		{92C595CB-733D-4621-83D4-7B21339C3CAB}.Debug|x64.ActiveCfg = Debug|x64
		{92C595CB-733D-4621-83D4-7B21339C3CAB}.Debug|x64.Build.0 = Debug|x64
		{92C595CB-733D-4621-83D4-7B21339C3CAB}.Debug|x86.ActiveCfg = Debug|Win32
		{92C595CB-733D-4621-83D4-7B21339C3CAB}.Debug|x86.Build.0 = Debug|Win32
		{92C595CB-733D-4621-83D4-7B21339C3CAB}.Release|x64.ActiveCfg = Release|x64
		{92C595CB-733D-4621-83D4-7B21339C3CAB}.Release|x64.Build.0 = Release|x64
		{92C595CB-733D-4621-83D4-7B21339C3CAB}.Release|x86.ActiveCfg = Release|Win32
		{92C595CB-733D-4621-83D4-7B21339C3CAB}.Release|x86.Build.0 = Release|Win32
	EndGlobalSection
	GlobalSection(SolutionProperties) = preSolution
		HideSolutionNode = FALSE
	EndGlobalSection
	GlobalSection(ExtensibilityGlobals) = postSolution
		SolutionGuid = {4CF1A6D0-6EB5-4546-9DE0-144097F93576}
	EndGlobalSection
EndGlobal
