
Microsoft Visual Studio Solution File, Format Version 12.00
# Visual Studio Version 17
VisualStudioVersion = 17.11.35222.181
MinimumVisualStudioVersion = 10.0.40219.1
Project("{8BC9CEB8-8B4A-11D0-8D11-00A0C91BC942}") = "DoubleExist", "DoubleExist\DoubleExist.vcxproj", "{8CA5A1AE-116A-4188-BEF7-01D9A8B0DCEE}"
EndProject
Global
	GlobalSection(SolutionConfigurationPlatforms) = preSolution
		Debug|x64 = Debug|x64
		Debug|x86 = Debug|x86
		Release|x64 = Release|x64
		Release|x86 = Release|x86
	EndGlobalSection
	GlobalSection(ProjectConfigurationPlatforms) = postSolution
		{8CA5A1AE-116A-4188-BEF7-01D9A8B0DCEE}.Debug|x64.ActiveCfg = Debug|x64
		{8CA5A1AE-116A-4188-BEF7-01D9A8B0DCEE}.Debug|x64.Build.0 = Debug|x64
		{8CA5A1AE-116A-4188-BEF7-01D9A8B0DCEE}.Debug|x86.ActiveCfg = Debug|Win32
		{8CA5A1AE-116A-4188-BEF7-01D9A8B0DCEE}.Debug|x86.Build.0 = Debug|Win32
		{8CA5A1AE-116A-4188-BEF7-01D9A8B0DCEE}.Release|x64.ActiveCfg = Release|x64
		{8CA5A1AE-116A-4188-BEF7-01D9A8B0DCEE}.Release|x64.Build.0 = Release|x64
		{8CA5A1AE-116A-4188-BEF7-01D9A8B0DCEE}.Release|x86.ActiveCfg = Release|Win32
		{8CA5A1AE-116A-4188-BEF7-01D9A8B0DCEE}.Release|x86.Build.0 = Release|Win32
	EndGlobalSection
	GlobalSection(SolutionProperties) = preSolution
		HideSolutionNode = FALSE
	EndGlobalSection
	GlobalSection(ExtensibilityGlobals) = postSolution
		SolutionGuid = {4988EF06-E493-4DA1-B58F-2B4612C7A143}
	EndGlobalSection
EndGlobal
