
Microsoft Visual Studio Solution File, Format Version 12.00
# Visual Studio Version 17
VisualStudioVersion = 17.13.35818.85 d17.13
MinimumVisualStudioVersion = 10.0.40219.1
Project("{8BC9CEB8-8B4A-11D0-8D11-00A0C91BC942}") = "GetFile1", "GetFile1.vcxproj", "{C7A7B98C-C34C-4DA0-87CE-69F492C69A28}"
EndProject
Global
	GlobalSection(SolutionConfigurationPlatforms) = preSolution
		Debug|x64 = Debug|x64
		Debug|x86 = Debug|x86
		Release|x64 = Release|x64
		Release|x86 = Release|x86
	EndGlobalSection
	GlobalSection(ProjectConfigurationPlatforms) = postSolution
		{C7A7B98C-C34C-4DA0-87CE-69F492C69A28}.Debug|x64.ActiveCfg = Debug|x64
		{C7A7B98C-C34C-4DA0-87CE-69F492C69A28}.Debug|x64.Build.0 = Debug|x64
		{C7A7B98C-C34C-4DA0-87CE-69F492C69A28}.Debug|x86.ActiveCfg = Debug|Win32
		{C7A7B98C-C34C-4DA0-87CE-69F492C69A28}.Debug|x86.Build.0 = Debug|Win32
		{C7A7B98C-C34C-4DA0-87CE-69F492C69A28}.Release|x64.ActiveCfg = Release|x64
		{C7A7B98C-C34C-4DA0-87CE-69F492C69A28}.Release|x64.Build.0 = Release|x64
		{C7A7B98C-C34C-4DA0-87CE-69F492C69A28}.Release|x86.ActiveCfg = Release|Win32
		{C7A7B98C-C34C-4DA0-87CE-69F492C69A28}.Release|x86.Build.0 = Release|Win32
	EndGlobalSection
	GlobalSection(SolutionProperties) = preSolution
		HideSolutionNode = FALSE
	EndGlobalSection
	GlobalSection(ExtensibilityGlobals) = postSolution
		SolutionGuid = {073934D4-788C-4900-96AC-E6927B9AC310}
	EndGlobalSection
EndGlobal
